
Microsoft Visual Studio Solution File, Format Version 12.00
# Visual Studio 15
VisualStudioVersion = 15.0.28307.168
MinimumVisualStudioVersion = 10.0.40219.1
Project("{FAE04EC0-301F-11D3-BF4B-00C04F79EFBC}") = "SimplePayrollProject", "SimplePayrollProject\SimplePayrollProject.csproj", "{FD4BC01D-5A1A-4E93-B9D3-1C0B56E7EE43}"
EndProject
Project("{FAE04EC0-301F-11D3-BF4B-00C04F79EFBC}") = "TestPayrollProject", "TestPayrollProject\TestPayrollProject.csproj", "{27B06349-C518-4F5D-B5A5-E5FFCC86B38C}"
EndProject
Global
	GlobalSection(SolutionConfigurationPlatforms) = preSolution
		Debug|Any CPU = Debug|Any CPU
		Release|Any CPU = Release|Any CPU
	EndGlobalSection
	GlobalSection(ProjectConfigurationPlatforms) = postSolution
		{FD4BC01D-5A1A-4E93-B9D3-1C0B56E7EE43}.Debug|Any CPU.ActiveCfg = Debug|Any CPU
		{FD4BC01D-5A1A-4E93-B9D3-1C0B56E7EE43}.Debug|Any CPU.Build.0 = Debug|Any CPU
		{FD4BC01D-5A1A-4E93-B9D3-1C0B56E7EE43}.Release|Any CPU.ActiveCfg = Release|Any CPU
		{FD4BC01D-5A1A-4E93-B9D3-1C0B56E7EE43}.Release|Any CPU.Build.0 = Release|Any CPU
		{27B06349-C518-4F5D-B5A5-E5FFCC86B38C}.Debug|Any CPU.ActiveCfg = Debug|Any CPU
		{27B06349-C518-4F5D-B5A5-E5FFCC86B38C}.Debug|Any CPU.Build.0 = Debug|Any CPU
		{27B06349-C518-4F5D-B5A5-E5FFCC86B38C}.Release|Any CPU.ActiveCfg = Release|Any CPU
		{27B06349-C518-4F5D-B5A5-E5FFCC86B38C}.Release|Any CPU.Build.0 = Release|Any CPU
	EndGlobalSection
	GlobalSection(SolutionProperties) = preSolution
		HideSolutionNode = FALSE
	EndGlobalSection
	GlobalSection(ExtensibilityGlobals) = postSolution
		SolutionGuid = {3B4FAC70-41E3-4386-84B0-F895E91E68AE}
	EndGlobalSection
EndGlobal
